
Microsoft Visual Studio Solution File, Format Version 12.00
# Visual Studio Version 17
VisualStudioVersion = 17.6.33829.357
MinimumVisualStudioVersion = 10.0.40219.1
Project("{2150E333-8FDC-42A3-9474-1A3956D46DE8}") = "src", "src", "{84D81DD1-77AA-4A9E-8F32-762902150C8F}"
EndProject
Project("{2150E333-8FDC-42A3-9474-1A3956D46DE8}") = "API", "API", "{6D3D1664-D44D-43F4-8AC3-4A0EFF50BC03}"
EndProject
Project("{2150E333-8FDC-42A3-9474-1A3956D46DE8}") = "Client", "Client", "{ECDE9DED-D868-46B2-848D-70B7B7FF514E}"
EndProject
Project("{2150E333-8FDC-42A3-9474-1A3956D46DE8}") = "Infrastructure", "Infrastructure", "{093730B8-BB7C-4E5A-8AB5-A18B59C43CA8}"
EndProject
Project("{2150E333-8FDC-42A3-9474-1A3956D46DE8}") = "Core", "Core", "{D6134417-6B09-4697-BA67-3A6947612517}"
EndProject
Project("{9A19103F-16F7-4668-BE54-9A1E7A4F7556}") = "TaxCalculations.Domain", "TaxCalculations.Domain\TaxCalculations.Domain.csproj", "{DC28A717-7AC4-4789-B2C3-1AB1DC714F51}"
EndProject
Project("{9A19103F-16F7-4668-BE54-9A1E7A4F7556}") = "TaxCalculations.Application", "TaxCalculations.Application\TaxCalculations.Application.csproj", "{0C647F04-5F20-45E1-A2AD-8E581EE591C6}"
EndProject
Project("{9A19103F-16F7-4668-BE54-9A1E7A4F7556}") = "TaxCalculations.Identity", "TaxCalculations.Identity\TaxCalculations.Identity.csproj", "{EADAD1B0-ECFB-4E6C-9383-32EDEE863FEC}"
EndProject
Project("{9A19103F-16F7-4668-BE54-9A1E7A4F7556}") = "TaxCalculations.Persistence", "TaxCalculations.Persistence\TaxCalculations.Persistence.csproj", "{33D9783F-9CC0-4A92-BBA1-A9C3835D358D}"
EndProject
Project("{9A19103F-16F7-4668-BE54-9A1E7A4F7556}") = "TaxCalculations.API", "TaxCalculations.API\TaxCalculations.API.csproj", "{67F19198-464A-4F42-BEBC-4169872DC52D}"
EndProject
Project("{2150E333-8FDC-42A3-9474-1A3956D46DE8}") = "Tests", "Tests", "{80E557E0-7FD2-4618-9F89-DF85DE565EF9}"
EndProject
Project("{9A19103F-16F7-4668-BE54-9A1E7A4F7556}") = "TaxCalculations.UnitTest", "TaxCalculations.UnitTest\TaxCalculations.UnitTest.csproj", "{3BDEF4C9-139B-44D2-BDFD-861E777974F1}"
EndProject
Project("{FAE04EC0-301F-11D3-BF4B-00C04F79EFBC}") = "TaxCalculations.ClientApp", "TaxCalculations.ClientApp\TaxCalculations.ClientApp.csproj", "{3B1E3D9F-5888-4194-9873-C4C44D3767BD}"
EndProject
Global
	GlobalSection(SolutionConfigurationPlatforms) = preSolution
		Debug|Any CPU = Debug|Any CPU
		Release|Any CPU = Release|Any CPU
	EndGlobalSection
	GlobalSection(ProjectConfigurationPlatforms) = postSolution
		{DC28A717-7AC4-4789-B2C3-1AB1DC714F51}.Debug|Any CPU.ActiveCfg = Debug|Any CPU
		{DC28A717-7AC4-4789-B2C3-1AB1DC714F51}.Debug|Any CPU.Build.0 = Debug|Any CPU
		{DC28A717-7AC4-4789-B2C3-1AB1DC714F51}.Release|Any CPU.ActiveCfg = Release|Any CPU
		{DC28A717-7AC4-4789-B2C3-1AB1DC714F51}.Release|Any CPU.Build.0 = Release|Any CPU
		{0C647F04-5F20-45E1-A2AD-8E581EE591C6}.Debug|Any CPU.ActiveCfg = Debug|Any CPU
		{0C647F04-5F20-45E1-A2AD-8E581EE591C6}.Debug|Any CPU.Build.0 = Debug|Any CPU
		{0C647F04-5F20-45E1-A2AD-8E581EE591C6}.Release|Any CPU.ActiveCfg = Release|Any CPU
		{0C647F04-5F20-45E1-A2AD-8E581EE591C6}.Release|Any CPU.Build.0 = Release|Any CPU
		{EADAD1B0-ECFB-4E6C-9383-32EDEE863FEC}.Debug|Any CPU.ActiveCfg = Debug|Any CPU
		{EADAD1B0-ECFB-4E6C-9383-32EDEE863FEC}.Debug|Any CPU.Build.0 = Debug|Any CPU
		{EADAD1B0-ECFB-4E6C-9383-32EDEE863FEC}.Release|Any CPU.ActiveCfg = Release|Any CPU
		{EADAD1B0-ECFB-4E6C-9383-32EDEE863FEC}.Release|Any CPU.Build.0 = Release|Any CPU
		{33D9783F-9CC0-4A92-BBA1-A9C3835D358D}.Debug|Any CPU.ActiveCfg = Debug|Any CPU
		{33D9783F-9CC0-4A92-BBA1-A9C3835D358D}.Debug|Any CPU.Build.0 = Debug|Any CPU
		{33D9783F-9CC0-4A92-BBA1-A9C3835D358D}.Release|Any CPU.ActiveCfg = Release|Any CPU
		{33D9783F-9CC0-4A92-BBA1-A9C3835D358D}.Release|Any CPU.Build.0 = Release|Any CPU
		{67F19198-464A-4F42-BEBC-4169872DC52D}.Debug|Any CPU.ActiveCfg = Debug|Any CPU
		{67F19198-464A-4F42-BEBC-4169872DC52D}.Debug|Any CPU.Build.0 = Debug|Any CPU
		{67F19198-464A-4F42-BEBC-4169872DC52D}.Release|Any CPU.ActiveCfg = Release|Any CPU
		{67F19198-464A-4F42-BEBC-4169872DC52D}.Release|Any CPU.Build.0 = Release|Any CPU
		{3BDEF4C9-139B-44D2-BDFD-861E777974F1}.Debug|Any CPU.ActiveCfg = Debug|Any CPU
		{3BDEF4C9-139B-44D2-BDFD-861E777974F1}.Debug|Any CPU.Build.0 = Debug|Any CPU
		{3BDEF4C9-139B-44D2-BDFD-861E777974F1}.Release|Any CPU.ActiveCfg = Release|Any CPU
		{3BDEF4C9-139B-44D2-BDFD-861E777974F1}.Release|Any CPU.Build.0 = Release|Any CPU
		{3B1E3D9F-5888-4194-9873-C4C44D3767BD}.Debug|Any CPU.ActiveCfg = Debug|Any CPU
		{3B1E3D9F-5888-4194-9873-C4C44D3767BD}.Debug|Any CPU.Build.0 = Debug|Any CPU
		{3B1E3D9F-5888-4194-9873-C4C44D3767BD}.Release|Any CPU.ActiveCfg = Release|Any CPU
		{3B1E3D9F-5888-4194-9873-C4C44D3767BD}.Release|Any CPU.Build.0 = Release|Any CPU
	EndGlobalSection
	GlobalSection(SolutionProperties) = preSolution
		HideSolutionNode = FALSE
	EndGlobalSection
	GlobalSection(NestedProjects) = preSolution
		{6D3D1664-D44D-43F4-8AC3-4A0EFF50BC03} = {84D81DD1-77AA-4A9E-8F32-762902150C8F}
		{ECDE9DED-D868-46B2-848D-70B7B7FF514E} = {84D81DD1-77AA-4A9E-8F32-762902150C8F}
		{093730B8-BB7C-4E5A-8AB5-A18B59C43CA8} = {84D81DD1-77AA-4A9E-8F32-762902150C8F}
		{D6134417-6B09-4697-BA67-3A6947612517} = {84D81DD1-77AA-4A9E-8F32-762902150C8F}
		{DC28A717-7AC4-4789-B2C3-1AB1DC714F51} = {D6134417-6B09-4697-BA67-3A6947612517}
		{0C647F04-5F20-45E1-A2AD-8E581EE591C6} = {D6134417-6B09-4697-BA67-3A6947612517}
		{EADAD1B0-ECFB-4E6C-9383-32EDEE863FEC} = {093730B8-BB7C-4E5A-8AB5-A18B59C43CA8}
		{33D9783F-9CC0-4A92-BBA1-A9C3835D358D} = {093730B8-BB7C-4E5A-8AB5-A18B59C43CA8}
		{67F19198-464A-4F42-BEBC-4169872DC52D} = {6D3D1664-D44D-43F4-8AC3-4A0EFF50BC03}
		{80E557E0-7FD2-4618-9F89-DF85DE565EF9} = {84D81DD1-77AA-4A9E-8F32-762902150C8F}
		{3BDEF4C9-139B-44D2-BDFD-861E777974F1} = {80E557E0-7FD2-4618-9F89-DF85DE565EF9}
		{3B1E3D9F-5888-4194-9873-C4C44D3767BD} = {ECDE9DED-D868-46B2-848D-70B7B7FF514E}
	EndGlobalSection
	GlobalSection(ExtensibilityGlobals) = postSolution
		SolutionGuid = {E7F7A355-0EDC-4EA7-945F-373FABAF70AE}
	EndGlobalSection
EndGlobal
